{
  "object": {
    "pins": [
      {
        "package": "FoundationExtensions",
        "repositoryURL": "https://github.com/HyperfocusDisordered/FoundationExtensions.git",
        "state": {
          "branch": null,
          "revision": "4306497f03f3547decbe2d0f54a8c7d3b7261678",
          "version": "2.11.0"
        }
      },
      {
        "package": "SimpleCoders",
        "repositoryURL": "https://github.com/dankinsoid/SimpleCoders.git",
        "state": {
          "branch": null,
          "revision": "5039cf84204e134fa558ea20a1e440db8618e977",
          "version": "1.5.0"
        }
      },
      {
        "package": "VDCodable",
        "repositoryURL": "https://github.com/dankinsoid/VDCodable.git",
        "state": {
          "branch": null,
          "revision": "08870ba396424284c29deb41b25cec93d58e535e",
          "version": "2.13.0"
        }
      }
    ]
  },
  "version": 1
}
